
Microsoft Visual Studio Solution File, Format Version 12.00
# Visual Studio Version 16
VisualStudioVersion = 16.0.31005.135
MinimumVisualStudioVersion = 10.0.40219.1
Project("{FAE04EC0-301F-11D3-BF4B-00C04F79EFBC}") = "DictionaryWithCompositeKey", "Source\DictionaryWithCompositeKey\DictionaryWithCompositeKey.csproj", "{F76A5A83-E4A7-46C7-B18F-18845573F1C6}"
EndProject
Project("{FAE04EC0-301F-11D3-BF4B-00C04F79EFBC}") = "DictionaryWithCompositeKeyTest", "Source\DictionaryWithCompositeKeyTest\DictionaryWithCompositeKeyTest.csproj", "{0752A7DF-7758-4A0A-A727-E462FFE0DADF}"
EndProject
Global
	GlobalSection(SolutionConfigurationPlatforms) = preSolution
		Debug|Any CPU = Debug|Any CPU
		Release|Any CPU = Release|Any CPU
	EndGlobalSection
	GlobalSection(ProjectConfigurationPlatforms) = postSolution
		{F76A5A83-E4A7-46C7-B18F-18845573F1C6}.Debug|Any CPU.ActiveCfg = Debug|Any CPU
		{F76A5A83-E4A7-46C7-B18F-18845573F1C6}.Debug|Any CPU.Build.0 = Debug|Any CPU
		{F76A5A83-E4A7-46C7-B18F-18845573F1C6}.Release|Any CPU.ActiveCfg = Release|Any CPU
		{F76A5A83-E4A7-46C7-B18F-18845573F1C6}.Release|Any CPU.Build.0 = Release|Any CPU
		{0752A7DF-7758-4A0A-A727-E462FFE0DADF}.Debug|Any CPU.ActiveCfg = Debug|Any CPU
		{0752A7DF-7758-4A0A-A727-E462FFE0DADF}.Debug|Any CPU.Build.0 = Debug|Any CPU
		{0752A7DF-7758-4A0A-A727-E462FFE0DADF}.Release|Any CPU.ActiveCfg = Release|Any CPU
		{0752A7DF-7758-4A0A-A727-E462FFE0DADF}.Release|Any CPU.Build.0 = Release|Any CPU
	EndGlobalSection
	GlobalSection(SolutionProperties) = preSolution
		HideSolutionNode = FALSE
	EndGlobalSection
	GlobalSection(ExtensibilityGlobals) = postSolution
		SolutionGuid = {26654B24-0EAA-4FA6-A05C-DE1E5B87E2FB}
	EndGlobalSection
EndGlobal
